
Microsoft Visual Studio Solution File, Format Version 12.00
# Visual Studio 14
VisualStudioVersion = 14.0.25420.1
MinimumVisualStudioVersion = 10.0.40219.1
Project("{FAE04EC0-301F-11D3-BF4B-00C04F79EFBC}") = "BetterPlaying", "BetterPlaying\BetterPlaying.csproj", "{5C440A9D-27E1-47C7-B9DA-BF4448F2AEE0}"
EndProject
Global
	GlobalSection(SolutionConfigurationPlatforms) = preSolution
		Debug|Any CPU = Debug|Any CPU
		Release|Any CPU = Release|Any CPU
	EndGlobalSection
	GlobalSection(ProjectConfigurationPlatforms) = postSolution
		{5C440A9D-27E1-47C7-B9DA-BF4448F2AEE0}.Debug|Any CPU.ActiveCfg = Debug|Any CPU
		{5C440A9D-27E1-47C7-B9DA-BF4448F2AEE0}.Debug|Any CPU.Build.0 = Debug|Any CPU
		{5C440A9D-27E1-47C7-B9DA-BF4448F2AEE0}.Release|Any CPU.ActiveCfg = Release|Any CPU
		{5C440A9D-27E1-47C7-B9DA-BF4448F2AEE0}.Release|Any CPU.Build.0 = Release|Any CPU
	EndGlobalSection
	GlobalSection(SolutionProperties) = preSolution
		HideSolutionNode = FALSE
	EndGlobalSection
EndGlobal
